Microsoft Visual Studio Solution File, Format Version 11.00
# Visual Studio 2008

Project("{934177B2-1702-75DC-1777-085B77CAC710}") = "US Map game", "Assembly-CSharp.csproj", "{FF998EB4-03E4-E3AD-4EAC-A69A60DABAAC}"
EndProject
Global
	GlobalSection(SolutionConfigurationPlatforms) = preSolution
		Debug|Any CPU = Debug|Any CPU
		Release|Any CPU = Release|Any CPU
	EndGlobalSection
	GlobalSection(ProjectConfigurationPlatforms) = postSolution
		{FF998EB4-03E4-E3AD-4EAC-A69A60DABAAC}.Debug|Any CPU.ActiveCfg = Debug|Any CPU
		{FF998EB4-03E4-E3AD-4EAC-A69A60DABAAC}.Debug|Any CPU.Build.0 = Debug|Any CPU
		{FF998EB4-03E4-E3AD-4EAC-A69A60DABAAC}.Release|Any CPU.ActiveCfg = Release|Any CPU
		{FF998EB4-03E4-E3AD-4EAC-A69A60DABAAC}.Release|Any CPU.Build.0 = Release|Any CPU
	EndGlobalSection
	GlobalSection(SolutionProperties) = preSolution
		HideSolutionNode = FALSE
	EndGlobalSection
	GlobalSection(MonoDevelopProperties) = preSolution
		StartupItem = Assembly-CSharp.csproj
	EndGlobalSection
EndGlobal
